// !$*UTF8*$!
{
	archiveVersion = 1;
	classes = {
	};
	objectVersion = 42;
	objects = {

/* Begin PBXBuildFile section */
		3D0CF7BE0C48D45300C9667A /* AppDelegate.m in Sources */ = {isa = PBXBuildFile; fileRef = 3D0CF7BD0C48D45300C9667A /* AppDelegate.m */; };
		3D0CF7C70C48D46C00C9667A /* UKSoundFileRecorder.m in Sources */ = {isa = PBXBuildFile; fileRef = 3D0CF7C60C48D46C00C9667A /* UKSoundFileRecorder.m */; };
		3D0CF8C10C48ED2700C9667A /* UKAudioStreamBasicDescription.m in Sources */ = {isa = PBXBuildFile; fileRef = 3D0CF8C00C48ED2700C9667A /* UKAudioStreamBasicDescription.m */; };
		3D59F60D0C5B57EF00AAEBE2 /* AudioToolbox.framework in Frameworks */ = {isa = PBXBuildFile; fileRef = 3D59F60C0C5B57EF00AAEBE2 /* AudioToolbox.framework */; };
		3D59F6160C5B580B00AAEBE2 /* CoreAudio.framework in Frameworks */ = {isa = PBXBuildFile; fileRef = 3D59F5FC0C5B57A500AAEBE2 /* CoreAudio.framework */; };
		3D59F61A0C5B581800AAEBE2 /* AudioUnit.framework in Frameworks */ = {isa = PBXBuildFile; fileRef = 3D59F6070C5B57D400AAEBE2 /* AudioUnit.framework */; };
		551A1D5F1FEFD1BC00D15145 /* MainMenu.xib in Resources */ = {isa = PBXBuildFile; fileRef = 551A1D5D1FEFD1BC00D15145 /* MainMenu.xib */; };
		551A1D641FEFE06C00D15145 /* record_symbol.pdf in Resources */ = {isa = PBXBuildFile; fileRef = 551A1D601FEFE06C00D15145 /* record_symbol.pdf */; };
		551A1D651FEFE06C00D15145 /* stop_symbol.pdf in Resources */ = {isa = PBXBuildFile; fileRef = 551A1D621FEFE06C00D15145 /* stop_symbol.pdf */; };
		8D11072B0486CEB800E47090 /* InfoPlist.strings in Resources */ = {isa = PBXBuildFile; fileRef = 089C165CFE840E0CC02AAC07 /* InfoPlist.strings */; };
		8D11072D0486CEB800E47090 /* main.m in Sources */ = {isa = PBXBuildFile; fileRef = 29B97316FDCFA39411CA2CEA /* main.m */; settings = {ATTRIBUTES = (); }; };
		8D11072F0486CEB800E47090 /* Cocoa.framework in Frameworks */ = {isa = PBXBuildFile; fileRef = 1058C7A1FEA54F0111CA2CBB /* Cocoa.framework */; };
/* End PBXBuildFile section */

/* Begin PBXFileReference section */
		089C165DFE840E0CC02AAC07 /* English */ = {isa = PBXFileReference; fileEncoding = 10; lastKnownFileType = text.plist.strings; name = English; path = English.lproj/InfoPlist.strings; sourceTree = "<group>"; };
		1058C7A1FEA54F0111CA2CBB /* Cocoa.framework */ = {isa = PBXFileReference; lastKnownFileType = wrapper.framework; name = Cocoa.framework; path = /System/Library/Frameworks/Cocoa.framework; sourceTree = "<absolute>"; };
		13E42FB307B3F0F600E4EEF1 /* CoreData.framework */ = {isa = PBXFileReference; lastKnownFileType = wrapper.framework; name = CoreData.framework; path = /System/Library/Frameworks/CoreData.framework; sourceTree = "<absolute>"; };
		29B97316FDCFA39411CA2CEA /* main.m */ = {isa = PBXFileReference; fileEncoding = 4; lastKnownFileType = sourcecode.c.objc; path = main.m; sourceTree = "<group>"; };
		29B97324FDCFA39411CA2CEA /* AppKit.framework */ = {isa = PBXFileReference; lastKnownFileType = wrapper.framework; name = AppKit.framework; path = /System/Library/Frameworks/AppKit.framework; sourceTree = "<absolute>"; };
		29B97325FDCFA39411CA2CEA /* Foundation.framework */ = {isa = PBXFileReference; lastKnownFileType = wrapper.framework; name = Foundation.framework; path = /System/Library/Frameworks/Foundation.framework; sourceTree = "<absolute>"; };
		32CA4F630368D1EE00C91783 /* UKSoundRecorder_Prefix.pch */ = {isa = PBXFileReference; fileEncoding = 4; lastKnownFileType = sourcecode.c.h; path = UKSoundRecorder_Prefix.pch; sourceTree = "<group>"; };
		3D0CF7BC0C48D45300C9667A /* AppDelegate.h */ = {isa = PBXFileReference; fileEncoding = 4; lastKnownFileType = sourcecode.c.h; path = AppDelegate.h; sourceTree = "<group>"; };
		3D0CF7BD0C48D45300C9667A /* AppDelegate.m */ = {isa = PBXFileReference; fileEncoding = 4; lastKnownFileType = sourcecode.c.objc; path = AppDelegate.m; sourceTree = "<group>"; };
		3D0CF7C50C48D46C00C9667A /* UKSoundFileRecorder.h */ = {isa = PBXFileReference; fileEncoding = 4; lastKnownFileType = sourcecode.c.h; path = UKSoundFileRecorder.h; sourceTree = "<group>"; };
		3D0CF7C60C48D46C00C9667A /* UKSoundFileRecorder.m */ = {isa = PBXFileReference; fileEncoding = 4; lastKnownFileType = sourcecode.c.objc; path = UKSoundFileRecorder.m; sourceTree = "<group>"; };
		3D0CF8BF0C48ED2700C9667A /* UKAudioStreamBasicDescription.h */ = {isa = PBXFileReference; fileEncoding = 4; lastKnownFileType = sourcecode.c.h; path = UKAudioStreamBasicDescription.h; sourceTree = "<group>"; };
		3D0CF8C00C48ED2700C9667A /* UKAudioStreamBasicDescription.m */ = {isa = PBXFileReference; fileEncoding = 4; lastKnownFileType = sourcecode.c.objc; path = UKAudioStreamBasicDescription.m; sourceTree = "<group>"; };
		3D59F5FC0C5B57A500AAEBE2 /* CoreAudio.framework */ = {isa = PBXFileReference; lastKnownFileType = wrapper.framework; name = CoreAudio.framework; path = /System/Library/Frameworks/CoreAudio.framework; sourceTree = "<absolute>"; };
		3D59F6070C5B57D400AAEBE2 /* AudioUnit.framework */ = {isa = PBXFileReference; lastKnownFileType = wrapper.framework; name = AudioUnit.framework; path = /System/Library/Frameworks/AudioUnit.framework; sourceTree = "<absolute>"; };
		3D59F60C0C5B57EF00AAEBE2 /* AudioToolbox.framework */ = {isa = PBXFileReference; lastKnownFileType = wrapper.framework; name = AudioToolbox.framework; path = /System/Library/Frameworks/AudioToolbox.framework; sourceTree = "<absolute>"; };
		551A1D5E1FEFD1BC00D15145 /* English */ = {isa = PBXFileReference; lastKnownFileType = file.xib; name = English; path = English.lproj/MainMenu.xib; sourceTree = "<group>"; };
		551A1D611FEFE06C00D15145 /* English */ = {isa = PBXFileReference; lastKnownFileType = image.pdf; name = English; path = English.lproj/record_symbol.pdf; sourceTree = "<group>"; };
		551A1D631FEFE06C00D15145 /* English */ = {isa = PBXFileReference; lastKnownFileType = image.pdf; name = English; path = English.lproj/stop_symbol.pdf; sourceTree = "<group>"; };
		8D1107310486CEB800E47090 /* Info.plist */ = {isa = PBXFileReference; fileEncoding = 4; lastKnownFileType = text.plist; path = Info.plist; sourceTree = "<group>"; };
		8D1107320486CEB800E47090 /* UKSoundRecorder.app */ = {isa = PBXFileReference; explicitFileType = wrapper.application; includeInIndex = 0; path = UKSoundRecorder.app; sourceTree = BUILT_PRODUCTS_DIR; };
/* End PBXFileReference section */

/* Begin PBXFrameworksBuildPhase section */
		8D11072E0486CEB800E47090 /* Frameworks */ = {
			isa = PBXFrameworksBuildPhase;
			buildActionMask = 2147483647;
			files = (
				8D11072F0486CEB800E47090 /* Cocoa.framework in Frameworks */,
				3D59F60D0C5B57EF00AAEBE2 /* AudioToolbox.framework in Frameworks */,
				3D59F6160C5B580B00AAEBE2 /* CoreAudio.framework in Frameworks */,
				3D59F61A0C5B581800AAEBE2 /* AudioUnit.framework in Frameworks */,
			);
			runOnlyForDeploymentPostprocessing = 0;
		};
/* End PBXFrameworksBuildPhase section */

/* Begin PBXGroup section */
		080E96DDFE201D6D7F000001 /* Classes */ = {
			isa = PBXGroup;
			children = (
				3D0CF7BC0C48D45300C9667A /* AppDelegate.h */,
				3D0CF7BD0C48D45300C9667A /* AppDelegate.m */,
				3D0CF7C50C48D46C00C9667A /* UKSoundFileRecorder.h */,
				3D0CF7C60C48D46C00C9667A /* UKSoundFileRecorder.m */,
				3D0CF8BF0C48ED2700C9667A /* UKAudioStreamBasicDescription.h */,
				3D0CF8C00C48ED2700C9667A /* UKAudioStreamBasicDescription.m */,
			);
			name = Classes;
			sourceTree = "<group>";
		};
		1058C7A0FEA54F0111CA2CBB /* Linked Frameworks */ = {
			isa = PBXGroup;
			children = (
				1058C7A1FEA54F0111CA2CBB /* Cocoa.framework */,
				3D59F5FC0C5B57A500AAEBE2 /* CoreAudio.framework */,
				3D59F6070C5B57D400AAEBE2 /* AudioUnit.framework */,
				3D59F60C0C5B57EF00AAEBE2 /* AudioToolbox.framework */,
			);
			name = "Linked Frameworks";
			sourceTree = "<group>";
		};
		1058C7A2FEA54F0111CA2CBB /* Other Frameworks */ = {
			isa = PBXGroup;
			children = (
				29B97324FDCFA39411CA2CEA /* AppKit.framework */,
				13E42FB307B3F0F600E4EEF1 /* CoreData.framework */,
				29B97325FDCFA39411CA2CEA /* Foundation.framework */,
			);
			name = "Other Frameworks";
			sourceTree = "<group>";
		};
		19C28FACFE9D520D11CA2CBB /* Products */ = {
			isa = PBXGroup;
			children = (
				8D1107320486CEB800E47090 /* UKSoundRecorder.app */,
			);
			name = Products;
			sourceTree = "<group>";
		};
		29B97314FDCFA39411CA2CEA /* UKSoundRecorder */ = {
			isa = PBXGroup;
			children = (
				080E96DDFE201D6D7F000001 /* Classes */,
				29B97315FDCFA39411CA2CEA /* Other Sources */,
				29B97317FDCFA39411CA2CEA /* Resources */,
				29B97323FDCFA39411CA2CEA /* Frameworks */,
				19C28FACFE9D520D11CA2CBB /* Products */,
			);
			name = UKSoundRecorder;
			sourceTree = "<group>";
		};
		29B97315FDCFA39411CA2CEA /* Other Sources */ = {
			isa = PBXGroup;
			children = (
				32CA4F630368D1EE00C91783 /* UKSoundRecorder_Prefix.pch */,
				29B97316FDCFA39411CA2CEA /* main.m */,
			);
			name = "Other Sources";
			sourceTree = "<group>";
		};
		29B97317FDCFA39411CA2CEA /* Resources */ = {
			isa = PBXGroup;
			children = (
				8D1107310486CEB800E47090 /* Info.plist */,
				089C165CFE840E0CC02AAC07 /* InfoPlist.strings */,
				551A1D5D1FEFD1BC00D15145 /* MainMenu.xib */,
				551A1D601FEFE06C00D15145 /* record_symbol.pdf */,
				551A1D621FEFE06C00D15145 /* stop_symbol.pdf */,
			);
			name = Resources;
			sourceTree = "<group>";
		};
		29B97323FDCFA39411CA2CEA /* Frameworks */ = {
			isa = PBXGroup;
			children = (
				1058C7A0FEA54F0111CA2CBB /* Linked Frameworks */,
				1058C7A2FEA54F0111CA2CBB /* Other Frameworks */,
			);
			name = Frameworks;
			sourceTree = "<group>";
		};
/* End PBXGroup section */

/* Begin PBXNativeTarget section */
		8D1107260486CEB800E47090 /* UKSoundRecorder */ = {
			isa = PBXNativeTarget;
			buildConfigurationList = C01FCF4A08A954540054247B /* Build configuration list for PBXNativeTarget "UKSoundRecorder" */;
			buildPhases = (
				8D1107290486CEB800E47090 /* Resources */,
				8D11072C0486CEB800E47090 /* Sources */,
				8D11072E0486CEB800E47090 /* Frameworks */,
			);
			buildRules = (
			);
			dependencies = (
			);
			name = UKSoundRecorder;
			productInstallPath = "$(HOME)/Applications";
			productName = UKSoundRecorder;
			productReference = 8D1107320486CEB800E47090 /* UKSoundRecorder.app */;
			productType = "com.apple.product-type.application";
		};
/* End PBXNativeTarget section */

/* Begin PBXProject section */
		29B97313FDCFA39411CA2CEA /* Project object */ = {
			isa = PBXProject;
			attributes = {
			};
			buildConfigurationList = C01FCF4E08A954540054247B /* Build configuration list for PBXProject "UKSoundFileRecorder" */;
			compatibilityVersion = "Xcode 2.4";
			developmentRegion = English;
			hasScannedForEncodings = 1;
			knownRegions = (
				en,
				English,
			);
			mainGroup = 29B97314FDCFA39411CA2CEA /* UKSoundRecorder */;
			projectDirPath = "";
			projectRoot = ..;
			targets = (
				8D1107260486CEB800E47090 /* UKSoundRecorder */,
			);
		};
/* End PBXProject section */

/* Begin PBXResourcesBuildPhase section */
		8D1107290486CEB800E47090 /* Resources */ = {
			isa = PBXResourcesBuildPhase;
			buildActionMask = 2147483647;
			files = (
				8D11072B0486CEB800E47090 /* InfoPlist.strings in Resources */,
				551A1D641FEFE06C00D15145 /* record_symbol.pdf in Resources */,
				551A1D651FEFE06C00D15145 /* stop_symbol.pdf in Resources */,
				551A1D5F1FEFD1BC00D15145 /* MainMenu.xib in Resources */,
			);
			runOnlyForDeploymentPostprocessing = 0;
		};
/* End PBXResourcesBuildPhase section */

/* Begin PBXSourcesBuildPhase section */
		8D11072C0486CEB800E47090 /* Sources */ = {
			isa = PBXSourcesBuildPhase;
			buildActionMask = 2147483647;
			files = (
				8D11072D0486CEB800E47090 /* main.m in Sources */,
				3D0CF7BE0C48D45300C9667A /* AppDelegate.m in Sources */,
				3D0CF7C70C48D46C00C9667A /* UKSoundFileRecorder.m in Sources */,
				3D0CF8C10C48ED2700C9667A /* UKAudioStreamBasicDescription.m in Sources */,
			);
			runOnlyForDeploymentPostprocessing = 0;
		};
/* End PBXSourcesBuildPhase section */

/* Begin PBXVariantGroup section */
		089C165CFE840E0CC02AAC07 /* InfoPlist.strings */ = {
			isa = PBXVariantGroup;
			children = (
				089C165DFE840E0CC02AAC07 /* English */,
			);
			name = InfoPlist.strings;
			sourceTree = "<group>";
		};
		551A1D5D1FEFD1BC00D15145 /* MainMenu.xib */ = {
			isa = PBXVariantGroup;
			children = (
				551A1D5E1FEFD1BC00D15145 /* English */,
			);
			name = MainMenu.xib;
			sourceTree = "<group>";
		};
		551A1D601FEFE06C00D15145 /* record_symbol.pdf */ = {
			isa = PBXVariantGroup;
			children = (
				551A1D611FEFE06C00D15145 /* English */,
			);
			name = record_symbol.pdf;
			sourceTree = "<group>";
		};
		551A1D621FEFE06C00D15145 /* stop_symbol.pdf */ = {
			isa = PBXVariantGroup;
			children = (
				551A1D631FEFE06C00D15145 /* English */,
			);
			name = stop_symbol.pdf;
			sourceTree = "<group>";
		};
/* End PBXVariantGroup section */

/* Begin XCBuildConfiguration section */
		C01FCF4B08A954540054247B /* Debug */ = {
			isa = XCBuildConfiguration;
			buildSettings = {
				COPY_PHASE_STRIP = NO;
				GCC_DYNAMIC_NO_PIC = NO;
				GCC_ENABLE_FIX_AND_CONTINUE = YES;
				GCC_MODEL_TUNING = G5;
				GCC_OPTIMIZATION_LEVEL = 0;
				INFOPLIST_FILE = Info.plist;
				INSTALL_PATH = "$(HOME)/Applications";
				PRODUCT_NAME = UKSoundRecorder;
				WRAPPER_EXTENSION = app;
				ZERO_LINK = YES;
			};
			name = Debug;
		};
		C01FCF4C08A954540054247B /* Release */ = {
			isa = XCBuildConfiguration;
			buildSettings = {
				ARCHS = (
					ppc,
					i386,
				);
				GCC_GENERATE_DEBUGGING_SYMBOLS = NO;
				GCC_MODEL_TUNING = G5;
				INFOPLIST_FILE = Info.plist;
				INSTALL_PATH = "$(HOME)/Applications";
				PRODUCT_NAME = UKSoundRecorder;
				WRAPPER_EXTENSION = app;
			};
			name = Release;
		};
		C01FCF4F08A954540054247B /* Debug */ = {
			isa = XCBuildConfiguration;
			buildSettings = {
				GCC_WARN_ABOUT_RETURN_TYPE = YES;
				GCC_WARN_UNUSED_VARIABLE = YES;
				PREBINDING = NO;
			};
			name = Debug;
		};
		C01FCF5008A954540054247B /* Release */ = {
			isa = XCBuildConfiguration;
			buildSettings = {
				GCC_WARN_ABOUT_RETURN_TYPE = YES;
				GCC_WARN_UNUSED_VARIABLE = YES;
				PREBINDING = NO;
			};
			name = Release;
		};
/* End XCBuildConfiguration section */

/* Begin XCConfigurationList section */
		C01FCF4A08A954540054247B /* Build configuration list for PBXNativeTarget "UKSoundRecorder" */ = {
			isa = XCConfigurationList;
			buildConfigurations = (
				C01FCF4B08A954540054247B /* Debug */,
				C01FCF4C08A954540054247B /* Release */,
			);
			defaultConfigurationIsVisible = 0;
			defaultConfigurationName = Release;
		};
		C01FCF4E08A954540054247B /* Build configuration list for PBXProject "UKSoundFileRecorder" */ = {
			isa = XCConfigurationList;
			buildConfigurations = (
				C01FCF4F08A954540054247B /* Debug */,
				C01FCF5008A954540054247B /* Release */,
			);
			defaultConfigurationIsVisible = 0;
			defaultConfigurationName = Release;
		};
/* End XCConfigurationList section */
	};
	rootObject = 29B97313FDCFA39411CA2CEA /* Project object */;
}
